
Microsoft Visual Studio Solution File, Format Version 12.00
# Visual Studio Version 17
VisualStudioVersion = 17.11.35222.181
MinimumVisualStudioVersion = 10.0.40219.1
Project("{888888A0-9F3D-457C-B088-3A5042F75D52}") = "Blog5Fsemana8", "Blog5Fsemana8\Blog5Fsemana8.pyproj", "{959313E4-E1EB-4CB8-86DB-86E159CC9015}"
EndProject
Global
	GlobalSection(SolutionConfigurationPlatforms) = preSolution
		Debug|Any CPU = Debug|Any CPU
		Release|Any CPU = Release|Any CPU
	EndGlobalSection
	GlobalSection(ProjectConfigurationPlatforms) = postSolution
		{959313E4-E1EB-4CB8-86DB-86E159CC9015}.Debug|Any CPU.ActiveCfg = Debug|Any CPU
		{959313E4-E1EB-4CB8-86DB-86E159CC9015}.Debug|Any CPU.Build.0 = Debug|Any CPU
		{959313E4-E1EB-4CB8-86DB-86E159CC9015}.Release|Any CPU.ActiveCfg = Release|Any CPU
		{959313E4-E1EB-4CB8-86DB-86E159CC9015}.Release|Any CPU.Build.0 = Release|Any CPU
	EndGlobalSection
	GlobalSection(SolutionProperties) = preSolution
		HideSolutionNode = FALSE
	EndGlobalSection
	GlobalSection(ExtensibilityGlobals) = postSolution
		SolutionGuid = {8CF95234-A118-4958-9AD1-168A023884A6}
	EndGlobalSection
EndGlobal
